
Microsoft Visual Studio Solution File, Format Version 12.00
# Visual Studio Version 16
VisualStudioVersion = 16.0.32106.194
MinimumVisualStudioVersion = 10.0.40219.1
Project("{FAE04EC0-301F-11D3-BF4B-00C04F79EFBC}") = "Gintarine_Vaistine_Test", "Gintarine_Vaistine_Test\Gintarine_Vaistine_Test.csproj", "{628FA08C-1B87-473A-B519-13979C80CE69}"
EndProject
Global
	GlobalSection(SolutionConfigurationPlatforms) = preSolution
		Debug|Any CPU = Debug|Any CPU
		Release|Any CPU = Release|Any CPU
	EndGlobalSection
	GlobalSection(ProjectConfigurationPlatforms) = postSolution
		{628FA08C-1B87-473A-B519-13979C80CE69}.Debug|Any CPU.ActiveCfg = Debug|Any CPU
		{628FA08C-1B87-473A-B519-13979C80CE69}.Debug|Any CPU.Build.0 = Debug|Any CPU
		{628FA08C-1B87-473A-B519-13979C80CE69}.Release|Any CPU.ActiveCfg = Release|Any CPU
		{628FA08C-1B87-473A-B519-13979C80CE69}.Release|Any CPU.Build.0 = Release|Any CPU
	EndGlobalSection
	GlobalSection(SolutionProperties) = preSolution
		HideSolutionNode = FALSE
	EndGlobalSection
	GlobalSection(ExtensibilityGlobals) = postSolution
		SolutionGuid = {975370C2-7BD3-4D2E-8A85-60957A4D24D2}
	EndGlobalSection
EndGlobal
